// !$*UTF8*$!
{
	archiveVersion = 1;
	classes = {
	};
	objectVersion = 56;
	objects = {

/* Begin PBXBuildFile section */
		045856512A043C7F00ECD020 /* Observable.swift in Sources */ = {isa = PBXBuildFile; fileRef = 045856502A043C7F00ECD020 /* Observable.swift */; };
		045856542A043CD900ECD020 /* RocketViewModel.swift in Sources */ = {isa = PBXBuildFile; fileRef = 045856532A043CD900ECD020 /* RocketViewModel.swift */; };
		045856562A043CF500ECD020 /* LaunchesViewModel.swift in Sources */ = {isa = PBXBuildFile; fileRef = 045856552A043CF500ECD020 /* LaunchesViewModel.swift */; };
		045B2001295A34A3004C5639 /* SettingsView.swift in Sources */ = {isa = PBXBuildFile; fileRef = 045B2000295A34A3004C5639 /* SettingsView.swift */; };
		0488382C294267FC00A2D2A5 /* AppDelegate.swift in Sources */ = {isa = PBXBuildFile; fileRef = 0488382B294267FC00A2D2A5 /* AppDelegate.swift */; };
		0488382E294267FC00A2D2A5 /* SceneDelegate.swift in Sources */ = {isa = PBXBuildFile; fileRef = 0488382D294267FC00A2D2A5 /* SceneDelegate.swift */; };
		04883830294267FC00A2D2A5 /* RocketViewController.swift in Sources */ = {isa = PBXBuildFile; fileRef = 0488382F294267FC00A2D2A5 /* RocketViewController.swift */; };
		04883835294267FE00A2D2A5 /* Assets.xcassets in Resources */ = {isa = PBXBuildFile; fileRef = 04883834294267FE00A2D2A5 /* Assets.xcassets */; };
		04883838294267FE00A2D2A5 /* LaunchScreen.storyboard in Resources */ = {isa = PBXBuildFile; fileRef = 04883836294267FE00A2D2A5 /* LaunchScreen.storyboard */; };
		049ACEA22A07F3C100398FA9 /* UIImageView + Extension.swift in Sources */ = {isa = PBXBuildFile; fileRef = 049ACEA12A07F3C100398FA9 /* UIImageView + Extension.swift */; };
		04A05F6C2944BF7200A27465 /* SecondCollectionViewCell.swift in Sources */ = {isa = PBXBuildFile; fileRef = 04A05F6B2944BF7200A27465 /* SecondCollectionViewCell.swift */; };
		04A05F6E2944CB8600A27465 /* Header.swift in Sources */ = {isa = PBXBuildFile; fileRef = 04A05F6D2944CB8600A27465 /* Header.swift */; };
		04A05F702944E9AF00A27465 /* LaunchesViewController.swift in Sources */ = {isa = PBXBuildFile; fileRef = 04A05F6F2944E9AF00A27465 /* LaunchesViewController.swift */; };
		04A05F722944EA7100A27465 /* LaunchCollectionViewCell.swift in Sources */ = {isa = PBXBuildFile; fileRef = 04A05F712944EA7100A27465 /* LaunchCollectionViewCell.swift */; };
		04A05F742944FBD900A27465 /* SettingsViewController.swift in Sources */ = {isa = PBXBuildFile; fileRef = 04A05F732944FBD900A27465 /* SettingsViewController.swift */; };
		04A05F7629450D9300A27465 /* NetworkService.swift in Sources */ = {isa = PBXBuildFile; fileRef = 04A05F7529450D9300A27465 /* NetworkService.swift */; };
		04A05F7829450E0800A27465 /* RocketModel.swift in Sources */ = {isa = PBXBuildFile; fileRef = 04A05F7729450E0800A27465 /* RocketModel.swift */; };
		04A05F7A29450E2600A27465 /* LaunchesModel.swift in Sources */ = {isa = PBXBuildFile; fileRef = 04A05F7929450E2600A27465 /* LaunchesModel.swift */; };
		04A7956F29C7DD2100487027 /* UICollectionView + Extension.swift in Sources */ = {isa = PBXBuildFile; fileRef = 04A7956E29C7DD2100487027 /* UICollectionView + Extension.swift */; };
		04A7957129C7DD7C00487027 /* UIView + Extension.swift in Sources */ = {isa = PBXBuildFile; fileRef = 04A7957029C7DD7C00487027 /* UIView + Extension.swift */; };
		04A7957529C7DE5300487027 /* String + Extension.swift in Sources */ = {isa = PBXBuildFile; fileRef = 04A7957429C7DE5300487027 /* String + Extension.swift */; };
		04B41A2F2945F1DB0052A08E /* PageViewController.swift in Sources */ = {isa = PBXBuildFile; fileRef = 04B41A2E2945F1DB0052A08E /* PageViewController.swift */; };
		04C0BE9529434E0E00100934 /* CollectionViewCell.swift in Sources */ = {isa = PBXBuildFile; fileRef = 04C0BE9429434E0E00100934 /* CollectionViewCell.swift */; };
/* End PBXBuildFile section */

/* Begin PBXFileReference section */
		045856502A043C7F00ECD020 /* Observable.swift */ = {isa = PBXFileReference; lastKnownFileType = sourcecode.swift; path = Observable.swift; sourceTree = "<group>"; };
		045856532A043CD900ECD020 /* RocketViewModel.swift */ = {isa = PBXFileReference; lastKnownFileType = sourcecode.swift; path = RocketViewModel.swift; sourceTree = "<group>"; };
		045856552A043CF500ECD020 /* LaunchesViewModel.swift */ = {isa = PBXFileReference; lastKnownFileType = sourcecode.swift; path = LaunchesViewModel.swift; sourceTree = "<group>"; };
		045B2000295A34A3004C5639 /* SettingsView.swift */ = {isa = PBXFileReference; lastKnownFileType = sourcecode.swift; path = SettingsView.swift; sourceTree = "<group>"; };
		04883828294267FC00A2D2A5 /* SpaceX.app */ = {isa = PBXFileReference; explicitFileType = wrapper.application; includeInIndex = 0; path = SpaceX.app; sourceTree = BUILT_PRODUCTS_DIR; };
		0488382B294267FC00A2D2A5 /* AppDelegate.swift */ = {isa = PBXFileReference; lastKnownFileType = sourcecode.swift; path = AppDelegate.swift; sourceTree = "<group>"; };
		0488382D294267FC00A2D2A5 /* SceneDelegate.swift */ = {isa = PBXFileReference; lastKnownFileType = sourcecode.swift; path = SceneDelegate.swift; sourceTree = "<group>"; };
		0488382F294267FC00A2D2A5 /* RocketViewController.swift */ = {isa = PBXFileReference; lastKnownFileType = sourcecode.swift; path = RocketViewController.swift; sourceTree = "<group>"; };
		04883834294267FE00A2D2A5 /* Assets.xcassets */ = {isa = PBXFileReference; lastKnownFileType = folder.assetcatalog; path = Assets.xcassets; sourceTree = "<group>"; };
		04883837294267FE00A2D2A5 /* Base */ = {isa = PBXFileReference; lastKnownFileType = file.storyboard; name = Base; path = Base.lproj/LaunchScreen.storyboard; sourceTree = "<group>"; };
		04883839294267FE00A2D2A5 /* Info.plist */ = {isa = PBXFileReference; lastKnownFileType = text.plist.xml; path = Info.plist; sourceTree = "<group>"; };
		049ACEA12A07F3C100398FA9 /* UIImageView + Extension.swift */ = {isa = PBXFileReference; lastKnownFileType = sourcecode.swift; path = "UIImageView + Extension.swift"; sourceTree = "<group>"; };
		04A05F6B2944BF7200A27465 /* SecondCollectionViewCell.swift */ = {isa = PBXFileReference; lastKnownFileType = sourcecode.swift; path = SecondCollectionViewCell.swift; sourceTree = "<group>"; };
		04A05F6D2944CB8600A27465 /* Header.swift */ = {isa = PBXFileReference; lastKnownFileType = sourcecode.swift; path = Header.swift; sourceTree = "<group>"; };
		04A05F6F2944E9AF00A27465 /* LaunchesViewController.swift */ = {isa = PBXFileReference; lastKnownFileType = sourcecode.swift; path = LaunchesViewController.swift; sourceTree = "<group>"; };
		04A05F712944EA7100A27465 /* LaunchCollectionViewCell.swift */ = {isa = PBXFileReference; lastKnownFileType = sourcecode.swift; path = LaunchCollectionViewCell.swift; sourceTree = "<group>"; };
		04A05F732944FBD900A27465 /* SettingsViewController.swift */ = {isa = PBXFileReference; lastKnownFileType = sourcecode.swift; path = SettingsViewController.swift; sourceTree = "<group>"; };
		04A05F7529450D9300A27465 /* NetworkService.swift */ = {isa = PBXFileReference; lastKnownFileType = sourcecode.swift; path = NetworkService.swift; sourceTree = "<group>"; };
		04A05F7729450E0800A27465 /* RocketModel.swift */ = {isa = PBXFileReference; lastKnownFileType = sourcecode.swift; path = RocketModel.swift; sourceTree = "<group>"; };
		04A05F7929450E2600A27465 /* LaunchesModel.swift */ = {isa = PBXFileReference; lastKnownFileType = sourcecode.swift; path = LaunchesModel.swift; sourceTree = "<group>"; };
		04A7956E29C7DD2100487027 /* UICollectionView + Extension.swift */ = {isa = PBXFileReference; lastKnownFileType = sourcecode.swift; path = "UICollectionView + Extension.swift"; sourceTree = "<group>"; };
		04A7957029C7DD7C00487027 /* UIView + Extension.swift */ = {isa = PBXFileReference; lastKnownFileType = sourcecode.swift; path = "UIView + Extension.swift"; sourceTree = "<group>"; };
		04A7957429C7DE5300487027 /* String + Extension.swift */ = {isa = PBXFileReference; lastKnownFileType = sourcecode.swift; path = "String + Extension.swift"; sourceTree = "<group>"; };
		04B41A2E2945F1DB0052A08E /* PageViewController.swift */ = {isa = PBXFileReference; lastKnownFileType = sourcecode.swift; path = PageViewController.swift; sourceTree = "<group>"; };
		04C0BE9429434E0E00100934 /* CollectionViewCell.swift */ = {isa = PBXFileReference; lastKnownFileType = sourcecode.swift; path = CollectionViewCell.swift; sourceTree = "<group>"; };
/* End PBXFileReference section */

/* Begin PBXFrameworksBuildPhase section */
		04883825294267FC00A2D2A5 /* Frameworks */ = {
			isa = PBXFrameworksBuildPhase;
			buildActionMask = 2147483647;
			files = (
			);
			runOnlyForDeploymentPostprocessing = 0;
		};
/* End PBXFrameworksBuildPhase section */

/* Begin PBXGroup section */
		0458564F2A043C5100ECD020 /* Bindings */ = {
			isa = PBXGroup;
			children = (
				045856502A043C7F00ECD020 /* Observable.swift */,
			);
			path = Bindings;
			sourceTree = "<group>";
		};
		045856522A043CC900ECD020 /* ViewModels */ = {
			isa = PBXGroup;
			children = (
				045856532A043CD900ECD020 /* RocketViewModel.swift */,
				045856552A043CF500ECD020 /* LaunchesViewModel.swift */,
			);
			path = ViewModels;
			sourceTree = "<group>";
		};
		0488381F294267FC00A2D2A5 = {
			isa = PBXGroup;
			children = (
				0488382A294267FC00A2D2A5 /* SpaceX */,
				04883829294267FC00A2D2A5 /* Products */,
			);
			sourceTree = "<group>";
		};
		04883829294267FC00A2D2A5 /* Products */ = {
			isa = PBXGroup;
			children = (
				04883828294267FC00A2D2A5 /* SpaceX.app */,
			);
			name = Products;
			sourceTree = "<group>";
		};
		0488382A294267FC00A2D2A5 /* SpaceX */ = {
			isa = PBXGroup;
			children = (
				0458564F2A043C5100ECD020 /* Bindings */,
				04A05F7529450D9300A27465 /* NetworkService.swift */,
				04B41A302945F1E10052A08E /* Models */,
				04B41A312945F1E80052A08E /* Views */,
				045856522A043CC900ECD020 /* ViewModels */,
				04A7957329C7DD9600487027 /* Extension */,
				0488382B294267FC00A2D2A5 /* AppDelegate.swift */,
				0488382D294267FC00A2D2A5 /* SceneDelegate.swift */,
				04883834294267FE00A2D2A5 /* Assets.xcassets */,
				04883836294267FE00A2D2A5 /* LaunchScreen.storyboard */,
				04883839294267FE00A2D2A5 /* Info.plist */,
			);
			path = SpaceX;
			sourceTree = "<group>";
		};
		04A7957329C7DD9600487027 /* Extension */ = {
			isa = PBXGroup;
			children = (
				049ACEA12A07F3C100398FA9 /* UIImageView + Extension.swift */,
				04A7956E29C7DD2100487027 /* UICollectionView + Extension.swift */,
				04A7957029C7DD7C00487027 /* UIView + Extension.swift */,
				04A7957429C7DE5300487027 /* String + Extension.swift */,
			);
			path = Extension;
			sourceTree = "<group>";
		};
		04B41A302945F1E10052A08E /* Models */ = {
			isa = PBXGroup;
			children = (
				04A05F7729450E0800A27465 /* RocketModel.swift */,
				04A05F7929450E2600A27465 /* LaunchesModel.swift */,
			);
			path = Models;
			sourceTree = "<group>";
		};
		04B41A312945F1E80052A08E /* Views */ = {
			isa = PBXGroup;
			children = (
				04B41A2E2945F1DB0052A08E /* PageViewController.swift */,
				0488382F294267FC00A2D2A5 /* RocketViewController.swift */,
				04A05F6F2944E9AF00A27465 /* LaunchesViewController.swift */,
				04A05F732944FBD900A27465 /* SettingsViewController.swift */,
				04B41A322945F1F70052A08E /* CustomViews */,
			);
			path = Views;
			sourceTree = "<group>";
		};
		04B41A322945F1F70052A08E /* CustomViews */ = {
			isa = PBXGroup;
			children = (
				04A05F6D2944CB8600A27465 /* Header.swift */,
				04C0BE9429434E0E00100934 /* CollectionViewCell.swift */,
				04A05F6B2944BF7200A27465 /* SecondCollectionViewCell.swift */,
				04A05F712944EA7100A27465 /* LaunchCollectionViewCell.swift */,
				045B2000295A34A3004C5639 /* SettingsView.swift */,
			);
			path = CustomViews;
			sourceTree = "<group>";
		};
/* End PBXGroup section */

/* Begin PBXNativeTarget section */
		04883827294267FC00A2D2A5 /* SpaceX */ = {
			isa = PBXNativeTarget;
			buildConfigurationList = 0488383C294267FE00A2D2A5 /* Build configuration list for PBXNativeTarget "SpaceX" */;
			buildPhases = (
				04883824294267FC00A2D2A5 /* Sources */,
				04883825294267FC00A2D2A5 /* Frameworks */,
				04883826294267FC00A2D2A5 /* Resources */,
			);
			buildRules = (
			);
			dependencies = (
			);
			name = SpaceX;
			productName = SpaceX;
			productReference = 04883828294267FC00A2D2A5 /* SpaceX.app */;
			productType = "com.apple.product-type.application";
		};
/* End PBXNativeTarget section */

/* Begin PBXProject section */
		04883820294267FC00A2D2A5 /* Project object */ = {
			isa = PBXProject;
			attributes = {
				BuildIndependentTargetsInParallel = 1;
				LastSwiftUpdateCheck = 1400;
				LastUpgradeCheck = 1400;
				TargetAttributes = {
					04883827294267FC00A2D2A5 = {
						CreatedOnToolsVersion = 14.0;
					};
				};
			};
			buildConfigurationList = 04883823294267FC00A2D2A5 /* Build configuration list for PBXProject "SpaceX" */;
			compatibilityVersion = "Xcode 14.0";
			developmentRegion = en;
			hasScannedForEncodings = 0;
			knownRegions = (
				en,
				Base,
			);
			mainGroup = 0488381F294267FC00A2D2A5;
			productRefGroup = 04883829294267FC00A2D2A5 /* Products */;
			projectDirPath = "";
			projectRoot = "";
			targets = (
				04883827294267FC00A2D2A5 /* SpaceX */,
			);
		};
/* End PBXProject section */

/* Begin PBXResourcesBuildPhase section */
		04883826294267FC00A2D2A5 /* Resources */ = {
			isa = PBXResourcesBuildPhase;
			buildActionMask = 2147483647;
			files = (
				04883838294267FE00A2D2A5 /* LaunchScreen.storyboard in Resources */,
				04883835294267FE00A2D2A5 /* Assets.xcassets in Resources */,
			);
			runOnlyForDeploymentPostprocessing = 0;
		};
/* End PBXResourcesBuildPhase section */

/* Begin PBXSourcesBuildPhase section */
		04883824294267FC00A2D2A5 /* Sources */ = {
			isa = PBXSourcesBuildPhase;
			buildActionMask = 2147483647;
			files = (
				04883830294267FC00A2D2A5 /* RocketViewController.swift in Sources */,
				0488382C294267FC00A2D2A5 /* AppDelegate.swift in Sources */,
				04A05F7A29450E2600A27465 /* LaunchesModel.swift in Sources */,
				04A05F7829450E0800A27465 /* RocketModel.swift in Sources */,
				045856512A043C7F00ECD020 /* Observable.swift in Sources */,
				04A7957129C7DD7C00487027 /* UIView + Extension.swift in Sources */,
				04A05F7629450D9300A27465 /* NetworkService.swift in Sources */,
				045856542A043CD900ECD020 /* RocketViewModel.swift in Sources */,
				04A05F702944E9AF00A27465 /* LaunchesViewController.swift in Sources */,
				049ACEA22A07F3C100398FA9 /* UIImageView + Extension.swift in Sources */,
				04A05F722944EA7100A27465 /* LaunchCollectionViewCell.swift in Sources */,
				045B2001295A34A3004C5639 /* SettingsView.swift in Sources */,
				04A05F6C2944BF7200A27465 /* SecondCollectionViewCell.swift in Sources */,
				04C0BE9529434E0E00100934 /* CollectionViewCell.swift in Sources */,
				04A05F6E2944CB8600A27465 /* Header.swift in Sources */,
				04B41A2F2945F1DB0052A08E /* PageViewController.swift in Sources */,
				04A7957529C7DE5300487027 /* String + Extension.swift in Sources */,
				0488382E294267FC00A2D2A5 /* SceneDelegate.swift in Sources */,
				045856562A043CF500ECD020 /* LaunchesViewModel.swift in Sources */,
				04A7956F29C7DD2100487027 /* UICollectionView + Extension.swift in Sources */,
				04A05F742944FBD900A27465 /* SettingsViewController.swift in Sources */,
			);
			runOnlyForDeploymentPostprocessing = 0;
		};
/* End PBXSourcesBuildPhase section */

/* Begin PBXVariantGroup section */
		04883836294267FE00A2D2A5 /* LaunchScreen.storyboard */ = {
			isa = PBXVariantGroup;
			children = (
				04883837294267FE00A2D2A5 /* Base */,
			);
			name = LaunchScreen.storyboard;
			sourceTree = "<group>";
		};
/* End PBXVariantGroup section */

/* Begin XCBuildConfiguration section */
		0488383A294267FE00A2D2A5 /* Debug */ = {
			isa = XCBuildConfiguration;
			buildSettings = {
				ALWAYS_SEARCH_USER_PATHS = NO;
				CLANG_ANALYZER_NONNULL = YES;
				CLANG_ANALYZER_NUMBER_OBJECT_CONVERSION = YES_AGGRESSIVE;
				CLANG_CXX_LANGUAGE_STANDARD = "gnu++20";
				CLANG_ENABLE_MODULES = YES;
				CLANG_ENABLE_OBJC_ARC = YES;
				CLANG_ENABLE_OBJC_WEAK = YES;
				CLANG_WARN_BLOCK_CAPTURE_AUTORELEASING = YES;
				CLANG_WARN_BOOL_CONVERSION = YES;
				CLANG_WARN_COMMA = YES;
				CLANG_WARN_CONSTANT_CONVERSION = YES;
				CLANG_WARN_DEPRECATED_OBJC_IMPLEMENTATIONS = YES;
				CLANG_WARN_DIRECT_OBJC_ISA_USAGE = YES_ERROR;
				CLANG_WARN_DOCUMENTATION_COMMENTS = YES;
				CLANG_WARN_EMPTY_BODY = YES;
				CLANG_WARN_ENUM_CONVERSION = YES;
				CLANG_WARN_INFINITE_RECURSION = YES;
				CLANG_WARN_INT_CONVERSION = YES;
				CLANG_WARN_NON_LITERAL_NULL_CONVERSION = YES;
				CLANG_WARN_OBJC_IMPLICIT_RETAIN_SELF = YES;
				CLANG_WARN_OBJC_LITERAL_CONVERSION = YES;
				CLANG_WARN_OBJC_ROOT_CLASS = YES_ERROR;
				CLANG_WARN_QUOTED_INCLUDE_IN_FRAMEWORK_HEADER = YES;
				CLANG_WARN_RANGE_LOOP_ANALYSIS = YES;
				CLANG_WARN_STRICT_PROTOTYPES = YES;
				CLANG_WARN_SUSPICIOUS_MOVE = YES;
				CLANG_WARN_UNGUARDED_AVAILABILITY = YES_AGGRESSIVE;
				CLANG_WARN_UNREACHABLE_CODE = YES;
				CLANG_WARN__DUPLICATE_METHOD_MATCH = YES;
				COPY_PHASE_STRIP = NO;
				DEBUG_INFORMATION_FORMAT = dwarf;
				ENABLE_STRICT_OBJC_MSGSEND = YES;
				ENABLE_TESTABILITY = YES;
				GCC_C_LANGUAGE_STANDARD = gnu11;
				GCC_DYNAMIC_NO_PIC = NO;
				GCC_NO_COMMON_BLOCKS = YES;
				GCC_OPTIMIZATION_LEVEL = 0;
				GCC_PREPROCESSOR_DEFINITIONS = (
					"DEBUG=1",
					"$(inherited)",
				);
				GCC_WARN_64_TO_32_BIT_CONVERSION = YES;
				GCC_WARN_ABOUT_RETURN_TYPE = YES_ERROR;
				GCC_WARN_UNDECLARED_SELECTOR = YES;
				GCC_WARN_UNINITIALIZED_AUTOS = YES_AGGRESSIVE;
				GCC_WARN_UNUSED_FUNCTION = YES;
				GCC_WARN_UNUSED_VARIABLE = YES;
				IPHONEOS_DEPLOYMENT_TARGET = 16.0;
				MTL_ENABLE_DEBUG_INFO = INCLUDE_SOURCE;
				MTL_FAST_MATH = YES;
				ONLY_ACTIVE_ARCH = YES;
				SDKROOT = iphoneos;
				SWIFT_ACTIVE_COMPILATION_CONDITIONS = DEBUG;
				SWIFT_OPTIMIZATION_LEVEL = "-Onone";
			};
			name = Debug;
		};
		0488383B294267FE00A2D2A5 /* Release */ = {
			isa = XCBuildConfiguration;
			buildSettings = {
				ALWAYS_SEARCH_USER_PATHS = NO;
				CLANG_ANALYZER_NONNULL = YES;
				CLANG_ANALYZER_NUMBER_OBJECT_CONVERSION = YES_AGGRESSIVE;
				CLANG_CXX_LANGUAGE_STANDARD = "gnu++20";
				CLANG_ENABLE_MODULES = YES;
				CLANG_ENABLE_OBJC_ARC = YES;
				CLANG_ENABLE_OBJC_WEAK = YES;
				CLANG_WARN_BLOCK_CAPTURE_AUTORELEASING = YES;
				CLANG_WARN_BOOL_CONVERSION = YES;
				CLANG_WARN_COMMA = YES;
				CLANG_WARN_CONSTANT_CONVERSION = YES;
				CLANG_WARN_DEPRECATED_OBJC_IMPLEMENTATIONS = YES;
				CLANG_WARN_DIRECT_OBJC_ISA_USAGE = YES_ERROR;
				CLANG_WARN_DOCUMENTATION_COMMENTS = YES;
				CLANG_WARN_EMPTY_BODY = YES;
				CLANG_WARN_ENUM_CONVERSION = YES;
				CLANG_WARN_INFINITE_RECURSION = YES;
				CLANG_WARN_INT_CONVERSION = YES;
				CLANG_WARN_NON_LITERAL_NULL_CONVERSION = YES;
				CLANG_WARN_OBJC_IMPLICIT_RETAIN_SELF = YES;
				CLANG_WARN_OBJC_LITERAL_CONVERSION = YES;
				CLANG_WARN_OBJC_ROOT_CLASS = YES_ERROR;
				CLANG_WARN_QUOTED_INCLUDE_IN_FRAMEWORK_HEADER = YES;
				CLANG_WARN_RANGE_LOOP_ANALYSIS = YES;
				CLANG_WARN_STRICT_PROTOTYPES = YES;
				CLANG_WARN_SUSPICIOUS_MOVE = YES;
				CLANG_WARN_UNGUARDED_AVAILABILITY = YES_AGGRESSIVE;
				CLANG_WARN_UNREACHABLE_CODE = YES;
				CLANG_WARN__DUPLICATE_METHOD_MATCH = YES;
				COPY_PHASE_STRIP = NO;
				DEBUG_INFORMATION_FORMAT = "dwarf-with-dsym";
				ENABLE_NS_ASSERTIONS = NO;
				ENABLE_STRICT_OBJC_MSGSEND = YES;
				GCC_C_LANGUAGE_STANDARD = gnu11;
				GCC_NO_COMMON_BLOCKS = YES;
				GCC_WARN_64_TO_32_BIT_CONVERSION = YES;
				GCC_WARN_ABOUT_RETURN_TYPE = YES_ERROR;
				GCC_WARN_UNDECLARED_SELECTOR = YES;
				GCC_WARN_UNINITIALIZED_AUTOS = YES_AGGRESSIVE;
				GCC_WARN_UNUSED_FUNCTION = YES;
				GCC_WARN_UNUSED_VARIABLE = YES;
				IPHONEOS_DEPLOYMENT_TARGET = 16.0;
				MTL_ENABLE_DEBUG_INFO = NO;
				MTL_FAST_MATH = YES;
				SDKROOT = iphoneos;
				SWIFT_COMPILATION_MODE = wholemodule;
				SWIFT_OPTIMIZATION_LEVEL = "-O";
				VALIDATE_PRODUCT = YES;
			};
			name = Release;
		};
		0488383D294267FE00A2D2A5 /* Debug */ = {
			isa = XCBuildConfiguration;
			buildSettings = {
				ASSETCATALOG_COMPILER_APPICON_NAME = AppIcon;
				ASSETCATALOG_COMPILER_GLOBAL_ACCENT_COLOR_NAME = AccentColor;
				CODE_SIGN_STYLE = Automatic;
				CURRENT_PROJECT_VERSION = 1;
				DEVELOPMENT_TEAM = KU38Q6SWMB;
				GENERATE_INFOPLIST_FILE = YES;
				INFOPLIST_FILE = SpaceX/Info.plist;
				INFOPLIST_KEY_UIApplicationSupportsIndirectInputEvents = YES;
				INFOPLIST_KEY_UILaunchStoryboardName = LaunchScreen;
				INFOPLIST_KEY_UISupportedInterfaceOrientations_iPad = "UIInterfaceOrientationPortrait UIInterfaceOrientationPortraitUpsideDown UIInterfaceOrientationLandscapeLeft UIInterfaceOrientationLandscapeRight";
				INFOPLIST_KEY_UISupportedInterfaceOrientations_iPhone = "UIInterfaceOrientationPortrait UIInterfaceOrientationLandscapeLeft UIInterfaceOrientationLandscapeRight";
				IPHONEOS_DEPLOYMENT_TARGET = 15.0;
				LD_RUNPATH_SEARCH_PATHS = (
					"$(inherited)",
					"@executable_path/Frameworks",
				);
				MARKETING_VERSION = 1.0;
				PRODUCT_BUNDLE_IDENTIFIER = com.ArtemTkachenko.SpaceX;
				PRODUCT_NAME = "$(TARGET_NAME)";
				SWIFT_EMIT_LOC_STRINGS = YES;
				SWIFT_VERSION = 5.0;
				TARGETED_DEVICE_FAMILY = "1,2";
			};
			name = Debug;
		};
		0488383E294267FE00A2D2A5 /* Release */ = {
			isa = XCBuildConfiguration;
			buildSettings = {
				ASSETCATALOG_COMPILER_APPICON_NAME = AppIcon;
				ASSETCATALOG_COMPILER_GLOBAL_ACCENT_COLOR_NAME = AccentColor;
				CODE_SIGN_STYLE = Automatic;
				CURRENT_PROJECT_VERSION = 1;
				DEVELOPMENT_TEAM = KU38Q6SWMB;
				GENERATE_INFOPLIST_FILE = YES;
				INFOPLIST_FILE = SpaceX/Info.plist;
				INFOPLIST_KEY_UIApplicationSupportsIndirectInputEvents = YES;
				INFOPLIST_KEY_UILaunchStoryboardName = LaunchScreen;
				INFOPLIST_KEY_UISupportedInterfaceOrientations_iPad = "UIInterfaceOrientationPortrait UIInterfaceOrientationPortraitUpsideDown UIInterfaceOrientationLandscapeLeft UIInterfaceOrientationLandscapeRight";
				INFOPLIST_KEY_UISupportedInterfaceOrientations_iPhone = "UIInterfaceOrientationPortrait UIInterfaceOrientationLandscapeLeft UIInterfaceOrientationLandscapeRight";
				IPHONEOS_DEPLOYMENT_TARGET = 15.0;
				LD_RUNPATH_SEARCH_PATHS = (
					"$(inherited)",
					"@executable_path/Frameworks",
				);
				MARKETING_VERSION = 1.0;
				PRODUCT_BUNDLE_IDENTIFIER = com.ArtemTkachenko.SpaceX;
				PRODUCT_NAME = "$(TARGET_NAME)";
				SWIFT_EMIT_LOC_STRINGS = YES;
				SWIFT_VERSION = 5.0;
				TARGETED_DEVICE_FAMILY = "1,2";
			};
			name = Release;
		};
/* End XCBuildConfiguration section */

/* Begin XCConfigurationList section */
		04883823294267FC00A2D2A5 /* Build configuration list for PBXProject "SpaceX" */ = {
			isa = XCConfigurationList;
			buildConfigurations = (
				0488383A294267FE00A2D2A5 /* Debug */,
				0488383B294267FE00A2D2A5 /* Release */,
			);
			defaultConfigurationIsVisible = 0;
			defaultConfigurationName = Release;
		};
		0488383C294267FE00A2D2A5 /* Build configuration list for PBXNativeTarget "SpaceX" */ = {
			isa = XCConfigurationList;
			buildConfigurations = (
				0488383D294267FE00A2D2A5 /* Debug */,
				0488383E294267FE00A2D2A5 /* Release */,
			);
			defaultConfigurationIsVisible = 0;
			defaultConfigurationName = Release;
		};
/* End XCConfigurationList section */
	};
	rootObject = 04883820294267FC00A2D2A5 /* Project object */;
}
